
Microsoft Visual Studio Solution File, Format Version 12.00
# Visual Studio 15
VisualStudioVersion = 15.0.28010.2046
MinimumVisualStudioVersion = 10.0.40219.1
Project("{A0786B88-2ADB-4C21-ABE8-AA2D79766269}") = "EthereumWallet", "EthereumWallet\EthereumWallet.phpproj", "{60A9ED40-2A3E-4A4A-BE64-0D8386FC8B55}"
EndProject
Global
	GlobalSection(SolutionConfigurationPlatforms) = preSolution
		Debug|Any CPU = Debug|Any CPU
		Release|Any CPU = Release|Any CPU
	EndGlobalSection
	GlobalSection(ProjectConfigurationPlatforms) = postSolution
		{60A9ED40-2A3E-4A4A-BE64-0D8386FC8B55}.Debug|Any CPU.ActiveCfg = Debug|Any CPU
		{60A9ED40-2A3E-4A4A-BE64-0D8386FC8B55}.Release|Any CPU.ActiveCfg = Release|Any CPU
	EndGlobalSection
	GlobalSection(SolutionProperties) = preSolution
		HideSolutionNode = FALSE
	EndGlobalSection
	GlobalSection(ExtensibilityGlobals) = postSolution
		SolutionGuid = {30B7B56D-41DA-4405-B783-8E020C8EC868}
	EndGlobalSection
EndGlobal
